<?xml version="1.0" encoding="utf-8"?>
<Project ToolsVersion="4.0" xmlns="http://schemas.microsoft.com/developer/msbuild/2003">
  <ItemGroup>
    <Filter Include="src">
      <UniqueIdentifier>{d8376475-7454-4a24-b08a-aac121d3ad6f}</UniqueIdentifier>
    </Filter>
    <Filter Include="libs">
      <UniqueIdentifier>{1e85a3be-4e5d-487e-b6f9-89150606c24c}</UniqueIdentifier>
    </Filter>
  </ItemGroup>
  <ItemGroup>
    <ClCompile Include="$(OF_ROOT)\addons\ofxXmlSettings\src\ofxXmlSettings.cpp">
      <Filter>src</Filter>
    </ClCompile>
    <ClCompile Include="$(OF_ROOT)\addons\ofxXmlSettings\libs\tinyxml.cpp">
      <Filter>libs</Filter>
    </ClCompile>
    <ClCompile Include="$(OF_ROOT)\addons\ofxXmlSettings\libs\tinyxmlerror.cpp">
      <Filter>libs</Filter>
    </ClCompile>
    <ClCompile Include="$(OF_ROOT)\addons\ofxXmlSettings\libs\tinyxmlparser.cpp">
      <Filter>libs</Filter>
    </ClCompile>
  </ItemGroup>
  <ItemGroup>
    <ClInclude Include="$(OF_ROOT)\addons\ofxXmlSettings\src\ofxXmlSettings.h">
      <Filter>src</Filter>
    </ClInclude>
    <ClInclude Include="$(OF_ROOT)\addons\ofxXmlSettings\libs\tinyxml.h">
      <Filter>libs</Filter>
    </ClInclude>
  </ItemGroup>
</Project>